
Microsoft Visual Studio Solution File, Format Version 12.00
# Visual Studio Version 16
VisualStudioVersion = 16.0.30523.141
MinimumVisualStudioVersion = 10.0.40219.1
Project("{FAE04EC0-301F-11D3-BF4B-00C04F79EFBC}") = "SaldoFacil.API", "SaldoFacil.API\SaldoFacil.API.csproj", "{573E2A51-B359-4B92-B169-E72FFF8DCE6D}"
EndProject
Global
	GlobalSection(SolutionConfigurationPlatforms) = preSolution
		Debug|Any CPU = Debug|Any CPU
		Release|Any CPU = Release|Any CPU
	EndGlobalSection
	GlobalSection(ProjectConfigurationPlatforms) = postSolution
		{573E2A51-B359-4B92-B169-E72FFF8DCE6D}.Debug|Any CPU.ActiveCfg = Debug|Any CPU
		{573E2A51-B359-4B92-B169-E72FFF8DCE6D}.Debug|Any CPU.Build.0 = Debug|Any CPU
		{573E2A51-B359-4B92-B169-E72FFF8DCE6D}.Release|Any CPU.ActiveCfg = Release|Any CPU
		{573E2A51-B359-4B92-B169-E72FFF8DCE6D}.Release|Any CPU.Build.0 = Release|Any CPU
	EndGlobalSection
	GlobalSection(SolutionProperties) = preSolution
		HideSolutionNode = FALSE
	EndGlobalSection
	GlobalSection(ExtensibilityGlobals) = postSolution
		SolutionGuid = {44FFDF30-70E8-480A-A5C3-F44DF358C514}
	EndGlobalSection
EndGlobal
